
Microsoft Visual Studio Solution File, Format Version 12.00
# Visual Studio Version 17
VisualStudioVersion = 17.9.34622.214
MinimumVisualStudioVersion = 10.0.40219.1
Project("{FAE04EC0-301F-11D3-BF4B-00C04F79EFBC}") = "Module01Activity02", "Module01Activity02.csproj", "{5CC5CFC0-4BBE-4DD4-94C4-B994F3B8A268}"
EndProject
Global
	GlobalSection(SolutionConfigurationPlatforms) = preSolution
		Debug|Any CPU = Debug|Any CPU
		Release|Any CPU = Release|Any CPU
	EndGlobalSection
	GlobalSection(ProjectConfigurationPlatforms) = postSolution
		{5CC5CFC0-4BBE-4DD4-94C4-B994F3B8A268}.Debug|Any CPU.ActiveCfg = Debug|Any CPU
		{5CC5CFC0-4BBE-4DD4-94C4-B994F3B8A268}.Debug|Any CPU.Build.0 = Debug|Any CPU
		{5CC5CFC0-4BBE-4DD4-94C4-B994F3B8A268}.Debug|Any CPU.Deploy.0 = Debug|Any CPU
		{5CC5CFC0-4BBE-4DD4-94C4-B994F3B8A268}.Release|Any CPU.ActiveCfg = Release|Any CPU
		{5CC5CFC0-4BBE-4DD4-94C4-B994F3B8A268}.Release|Any CPU.Build.0 = Release|Any CPU
		{5CC5CFC0-4BBE-4DD4-94C4-B994F3B8A268}.Release|Any CPU.Deploy.0 = Release|Any CPU
	EndGlobalSection
	GlobalSection(SolutionProperties) = preSolution
		HideSolutionNode = FALSE
	EndGlobalSection
	GlobalSection(ExtensibilityGlobals) = postSolution
		SolutionGuid = {B290E5FC-0DF5-4B79-9483-803CD8BFBC4F}
	EndGlobalSection
EndGlobal
